
Microsoft Visual Studio Solution File, Format Version 12.00
# Visual Studio Version 17
VisualStudioVersion = 17.0.31903.59
MinimumVisualStudioVersion = 10.0.40219.1
Project("{2150E333-8FDC-42A3-9474-1A3956D46DE8}") = "src", "src", "{827E0CD3-B72D-47B6-A68D-7590B98EB39B}"
EndProject
Project("{2150E333-8FDC-42A3-9474-1A3956D46DE8}") = "Services", "Services", "{984BB9B3-3FA3-BE33-9484-CAC21695A33C}"
EndProject
Project("{2150E333-8FDC-42A3-9474-1A3956D46DE8}") = "Identity.Service", "Identity.Service", "{02EA681E-C7D8-13C7-8484-4AC65E1B71E8}"
EndProject
Project("{FAE04EC0-301F-11D3-BF4B-00C04F79EFBC}") = "Identity.Service.API", "SynGestImmo.Back\src\Services\Identity.Service\Identity.Service.API\Identity.Service.API.csproj", "{E7CC0D24-A62F-B908-A7AF-43C52CD08B45}"
EndProject
Project("{FAE04EC0-301F-11D3-BF4B-00C04F79EFBC}") = "Identity.Service.Application", "SynGestImmo.Back\src\Services\Identity.Service\Identity.Service.Application\Identity.Service.Application.csproj", "{5BBF2B46-C8AA-0627-5EC9-E80F0A64CB40}"
EndProject
Project("{FAE04EC0-301F-11D3-BF4B-00C04F79EFBC}") = "Identity.Service.Domain", "SynGestImmo.Back\src\Services\Identity.Service\Identity.Service.Domain\Identity.Service.Domain.csproj", "{4D2812D7-E600-0FEF-AE5C-194AEA419C45}"
EndProject
Project("{FAE04EC0-301F-11D3-BF4B-00C04F79EFBC}") = "Identity.Service.Infrastructure", "SynGestImmo.Back\src\Services\Identity.Service\Identity.Service.Infrastructure\Identity.Service.Infrastructure.csproj", "{6322BDF5-0649-2743-81F8-9661FE52007D}"
EndProject
Project("{FAE04EC0-301F-11D3-BF4B-00C04F79EFBC}") = "Tools", "SynGestImmo.Back\src\Services\Tools\Tools.csproj", "{C52BA02C-0031-40E6-820B-2C5C814F627E}"
EndProject
Project("{2150E333-8FDC-42A3-9474-1A3956D46DE8}") = "Middlewares", "Middlewares", "{269225D2-FF81-47F1-9FF4-3AD22ADF11CB}"
EndProject
Project("{2150E333-8FDC-42A3-9474-1A3956D46DE8}") = "Entity.Service", "Entity.Service", "{0F3AD178-F119-4607-821D-048392A05EA9}"
EndProject
Project("{FAE04EC0-301F-11D3-BF4B-00C04F79EFBC}") = "Entity.Service.API", "SynGestImmo.Back\src\Services\Entity.Service\Entity.Service.API\Entity.Service.API.csproj", "{8DCFB28B-3596-2F5E-A1AA-C84AB4BE69C1}"
EndProject
Project("{FAE04EC0-301F-11D3-BF4B-00C04F79EFBC}") = "Entity.Service.Application", "SynGestImmo.Back\src\Services\Entity.Service\Entity.Service.Application\Entity.Service.Application.csproj", "{14D901A2-B54C-28E2-6C1C-EFA911AF7427}"
EndProject
Project("{FAE04EC0-301F-11D3-BF4B-00C04F79EFBC}") = "Entity.Service.Domain", "SynGestImmo.Back\src\Services\Entity.Service\Entity.Service.Domain\Entity.Service.Domain.csproj", "{3EF79A32-6E4E-1861-690F-62C5553D34D2}"
EndProject
Project("{FAE04EC0-301F-11D3-BF4B-00C04F79EFBC}") = "Entity.Service.Structure", "SynGestImmo.Back\src\Services\Entity.Service\Entity.Service.Structure\Entity.Service.Structure.csproj", "{DB32BEDD-E4D0-3D46-F848-FC1E63E0DBCC}"
EndProject
Project("{FAE04EC0-301F-11D3-BF4B-00C04F79EFBC}") = "SynGestImmo.Gateway", "SynGestImmo.Gateway\SynGestImmo.Gateway.csproj", "{4387F1B1-810E-4E67-1E98-77F1CD64E090}"
EndProject
Global
	GlobalSection(SolutionConfigurationPlatforms) = preSolution
		Debug|Any CPU = Debug|Any CPU
		Debug|x64 = Debug|x64
		Debug|x86 = Debug|x86
		Release|Any CPU = Release|Any CPU
		Release|x64 = Release|x64
		Release|x86 = Release|x86
	EndGlobalSection
	GlobalSection(ProjectConfigurationPlatforms) = postSolution
		{E7CC0D24-A62F-B908-A7AF-43C52CD08B45}.Debug|Any CPU.ActiveCfg = Debug|Any CPU
		{E7CC0D24-A62F-B908-A7AF-43C52CD08B45}.Debug|Any CPU.Build.0 = Debug|Any CPU
		{E7CC0D24-A62F-B908-A7AF-43C52CD08B45}.Debug|x64.ActiveCfg = Debug|Any CPU
		{E7CC0D24-A62F-B908-A7AF-43C52CD08B45}.Debug|x64.Build.0 = Debug|Any CPU
		{E7CC0D24-A62F-B908-A7AF-43C52CD08B45}.Debug|x86.ActiveCfg = Debug|Any CPU
		{E7CC0D24-A62F-B908-A7AF-43C52CD08B45}.Debug|x86.Build.0 = Debug|Any CPU
		{E7CC0D24-A62F-B908-A7AF-43C52CD08B45}.Release|Any CPU.ActiveCfg = Release|Any CPU
		{E7CC0D24-A62F-B908-A7AF-43C52CD08B45}.Release|Any CPU.Build.0 = Release|Any CPU
		{E7CC0D24-A62F-B908-A7AF-43C52CD08B45}.Release|x64.ActiveCfg = Release|Any CPU
		{E7CC0D24-A62F-B908-A7AF-43C52CD08B45}.Release|x64.Build.0 = Release|Any CPU
		{E7CC0D24-A62F-B908-A7AF-43C52CD08B45}.Release|x86.ActiveCfg = Release|Any CPU
		{E7CC0D24-A62F-B908-A7AF-43C52CD08B45}.Release|x86.Build.0 = Release|Any CPU
		{5BBF2B46-C8AA-0627-5EC9-E80F0A64CB40}.Debug|Any CPU.ActiveCfg = Debug|Any CPU
		{5BBF2B46-C8AA-0627-5EC9-E80F0A64CB40}.Debug|Any CPU.Build.0 = Debug|Any CPU
		{5BBF2B46-C8AA-0627-5EC9-E80F0A64CB40}.Debug|x64.ActiveCfg = Debug|Any CPU
		{5BBF2B46-C8AA-0627-5EC9-E80F0A64CB40}.Debug|x64.Build.0 = Debug|Any CPU
		{5BBF2B46-C8AA-0627-5EC9-E80F0A64CB40}.Debug|x86.ActiveCfg = Debug|Any CPU
		{5BBF2B46-C8AA-0627-5EC9-E80F0A64CB40}.Debug|x86.Build.0 = Debug|Any CPU
		{5BBF2B46-C8AA-0627-5EC9-E80F0A64CB40}.Release|Any CPU.ActiveCfg = Release|Any CPU
		{5BBF2B46-C8AA-0627-5EC9-E80F0A64CB40}.Release|Any CPU.Build.0 = Release|Any CPU
		{5BBF2B46-C8AA-0627-5EC9-E80F0A64CB40}.Release|x64.ActiveCfg = Release|Any CPU
		{5BBF2B46-C8AA-0627-5EC9-E80F0A64CB40}.Release|x64.Build.0 = Release|Any CPU
		{5BBF2B46-C8AA-0627-5EC9-E80F0A64CB40}.Release|x86.ActiveCfg = Release|Any CPU
		{5BBF2B46-C8AA-0627-5EC9-E80F0A64CB40}.Release|x86.Build.0 = Release|Any CPU
		{4D2812D7-E600-0FEF-AE5C-194AEA419C45}.Debug|Any CPU.ActiveCfg = Debug|Any CPU
		{4D2812D7-E600-0FEF-AE5C-194AEA419C45}.Debug|Any CPU.Build.0 = Debug|Any CPU
		{4D2812D7-E600-0FEF-AE5C-194AEA419C45}.Debug|x64.ActiveCfg = Debug|Any CPU
		{4D2812D7-E600-0FEF-AE5C-194AEA419C45}.Debug|x64.Build.0 = Debug|Any CPU
		{4D2812D7-E600-0FEF-AE5C-194AEA419C45}.Debug|x86.ActiveCfg = Debug|Any CPU
		{4D2812D7-E600-0FEF-AE5C-194AEA419C45}.Debug|x86.Build.0 = Debug|Any CPU
		{4D2812D7-E600-0FEF-AE5C-194AEA419C45}.Release|Any CPU.ActiveCfg = Release|Any CPU
		{4D2812D7-E600-0FEF-AE5C-194AEA419C45}.Release|Any CPU.Build.0 = Release|Any CPU
		{4D2812D7-E600-0FEF-AE5C-194AEA419C45}.Release|x64.ActiveCfg = Release|Any CPU
		{4D2812D7-E600-0FEF-AE5C-194AEA419C45}.Release|x64.Build.0 = Release|Any CPU
		{4D2812D7-E600-0FEF-AE5C-194AEA419C45}.Release|x86.ActiveCfg = Release|Any CPU
		{4D2812D7-E600-0FEF-AE5C-194AEA419C45}.Release|x86.Build.0 = Release|Any CPU
		{6322BDF5-0649-2743-81F8-9661FE52007D}.Debug|Any CPU.ActiveCfg = Debug|Any CPU
		{6322BDF5-0649-2743-81F8-9661FE52007D}.Debug|Any CPU.Build.0 = Debug|Any CPU
		{6322BDF5-0649-2743-81F8-9661FE52007D}.Debug|x64.ActiveCfg = Debug|Any CPU
		{6322BDF5-0649-2743-81F8-9661FE52007D}.Debug|x64.Build.0 = Debug|Any CPU
		{6322BDF5-0649-2743-81F8-9661FE52007D}.Debug|x86.ActiveCfg = Debug|Any CPU
		{6322BDF5-0649-2743-81F8-9661FE52007D}.Debug|x86.Build.0 = Debug|Any CPU
		{6322BDF5-0649-2743-81F8-9661FE52007D}.Release|Any CPU.ActiveCfg = Release|Any CPU
		{6322BDF5-0649-2743-81F8-9661FE52007D}.Release|Any CPU.Build.0 = Release|Any CPU
		{6322BDF5-0649-2743-81F8-9661FE52007D}.Release|x64.ActiveCfg = Release|Any CPU
		{6322BDF5-0649-2743-81F8-9661FE52007D}.Release|x64.Build.0 = Release|Any CPU
		{6322BDF5-0649-2743-81F8-9661FE52007D}.Release|x86.ActiveCfg = Release|Any CPU
		{6322BDF5-0649-2743-81F8-9661FE52007D}.Release|x86.Build.0 = Release|Any CPU
		{C52BA02C-0031-40E6-820B-2C5C814F627E}.Debug|Any CPU.ActiveCfg = Debug|Any CPU
		{C52BA02C-0031-40E6-820B-2C5C814F627E}.Debug|Any CPU.Build.0 = Debug|Any CPU
		{C52BA02C-0031-40E6-820B-2C5C814F627E}.Debug|x64.ActiveCfg = Debug|Any CPU
		{C52BA02C-0031-40E6-820B-2C5C814F627E}.Debug|x64.Build.0 = Debug|Any CPU
		{C52BA02C-0031-40E6-820B-2C5C814F627E}.Debug|x86.ActiveCfg = Debug|Any CPU
		{C52BA02C-0031-40E6-820B-2C5C814F627E}.Debug|x86.Build.0 = Debug|Any CPU
		{C52BA02C-0031-40E6-820B-2C5C814F627E}.Release|Any CPU.ActiveCfg = Release|Any CPU
		{C52BA02C-0031-40E6-820B-2C5C814F627E}.Release|Any CPU.Build.0 = Release|Any CPU
		{C52BA02C-0031-40E6-820B-2C5C814F627E}.Release|x64.ActiveCfg = Release|Any CPU
		{C52BA02C-0031-40E6-820B-2C5C814F627E}.Release|x64.Build.0 = Release|Any CPU
		{C52BA02C-0031-40E6-820B-2C5C814F627E}.Release|x86.ActiveCfg = Release|Any CPU
		{C52BA02C-0031-40E6-820B-2C5C814F627E}.Release|x86.Build.0 = Release|Any CPU
		{8DCFB28B-3596-2F5E-A1AA-C84AB4BE69C1}.Debug|Any CPU.ActiveCfg = Debug|Any CPU
		{8DCFB28B-3596-2F5E-A1AA-C84AB4BE69C1}.Debug|Any CPU.Build.0 = Debug|Any CPU
		{8DCFB28B-3596-2F5E-A1AA-C84AB4BE69C1}.Debug|x64.ActiveCfg = Debug|Any CPU
		{8DCFB28B-3596-2F5E-A1AA-C84AB4BE69C1}.Debug|x64.Build.0 = Debug|Any CPU
		{8DCFB28B-3596-2F5E-A1AA-C84AB4BE69C1}.Debug|x86.ActiveCfg = Debug|Any CPU
		{8DCFB28B-3596-2F5E-A1AA-C84AB4BE69C1}.Debug|x86.Build.0 = Debug|Any CPU
		{8DCFB28B-3596-2F5E-A1AA-C84AB4BE69C1}.Release|Any CPU.ActiveCfg = Release|Any CPU
		{8DCFB28B-3596-2F5E-A1AA-C84AB4BE69C1}.Release|Any CPU.Build.0 = Release|Any CPU
		{8DCFB28B-3596-2F5E-A1AA-C84AB4BE69C1}.Release|x64.ActiveCfg = Release|Any CPU
		{8DCFB28B-3596-2F5E-A1AA-C84AB4BE69C1}.Release|x64.Build.0 = Release|Any CPU
		{8DCFB28B-3596-2F5E-A1AA-C84AB4BE69C1}.Release|x86.ActiveCfg = Release|Any CPU
		{8DCFB28B-3596-2F5E-A1AA-C84AB4BE69C1}.Release|x86.Build.0 = Release|Any CPU
		{14D901A2-B54C-28E2-6C1C-EFA911AF7427}.Debug|Any CPU.ActiveCfg = Debug|Any CPU
		{14D901A2-B54C-28E2-6C1C-EFA911AF7427}.Debug|Any CPU.Build.0 = Debug|Any CPU
		{14D901A2-B54C-28E2-6C1C-EFA911AF7427}.Debug|x64.ActiveCfg = Debug|Any CPU
		{14D901A2-B54C-28E2-6C1C-EFA911AF7427}.Debug|x64.Build.0 = Debug|Any CPU
		{14D901A2-B54C-28E2-6C1C-EFA911AF7427}.Debug|x86.ActiveCfg = Debug|Any CPU
		{14D901A2-B54C-28E2-6C1C-EFA911AF7427}.Debug|x86.Build.0 = Debug|Any CPU
		{14D901A2-B54C-28E2-6C1C-EFA911AF7427}.Release|Any CPU.ActiveCfg = Release|Any CPU
		{14D901A2-B54C-28E2-6C1C-EFA911AF7427}.Release|Any CPU.Build.0 = Release|Any CPU
		{14D901A2-B54C-28E2-6C1C-EFA911AF7427}.Release|x64.ActiveCfg = Release|Any CPU
		{14D901A2-B54C-28E2-6C1C-EFA911AF7427}.Release|x64.Build.0 = Release|Any CPU
		{14D901A2-B54C-28E2-6C1C-EFA911AF7427}.Release|x86.ActiveCfg = Release|Any CPU
		{14D901A2-B54C-28E2-6C1C-EFA911AF7427}.Release|x86.Build.0 = Release|Any CPU
		{3EF79A32-6E4E-1861-690F-62C5553D34D2}.Debug|Any CPU.ActiveCfg = Debug|Any CPU
		{3EF79A32-6E4E-1861-690F-62C5553D34D2}.Debug|Any CPU.Build.0 = Debug|Any CPU
		{3EF79A32-6E4E-1861-690F-62C5553D34D2}.Debug|x64.ActiveCfg = Debug|Any CPU
		{3EF79A32-6E4E-1861-690F-62C5553D34D2}.Debug|x64.Build.0 = Debug|Any CPU
		{3EF79A32-6E4E-1861-690F-62C5553D34D2}.Debug|x86.ActiveCfg = Debug|Any CPU
		{3EF79A32-6E4E-1861-690F-62C5553D34D2}.Debug|x86.Build.0 = Debug|Any CPU
		{3EF79A32-6E4E-1861-690F-62C5553D34D2}.Release|Any CPU.ActiveCfg = Release|Any CPU
		{3EF79A32-6E4E-1861-690F-62C5553D34D2}.Release|Any CPU.Build.0 = Release|Any CPU
		{3EF79A32-6E4E-1861-690F-62C5553D34D2}.Release|x64.ActiveCfg = Release|Any CPU
		{3EF79A32-6E4E-1861-690F-62C5553D34D2}.Release|x64.Build.0 = Release|Any CPU
		{3EF79A32-6E4E-1861-690F-62C5553D34D2}.Release|x86.ActiveCfg = Release|Any CPU
		{3EF79A32-6E4E-1861-690F-62C5553D34D2}.Release|x86.Build.0 = Release|Any CPU
		{DB32BEDD-E4D0-3D46-F848-FC1E63E0DBCC}.Debug|Any CPU.ActiveCfg = Debug|Any CPU
		{DB32BEDD-E4D0-3D46-F848-FC1E63E0DBCC}.Debug|Any CPU.Build.0 = Debug|Any CPU
		{DB32BEDD-E4D0-3D46-F848-FC1E63E0DBCC}.Debug|x64.ActiveCfg = Debug|Any CPU
		{DB32BEDD-E4D0-3D46-F848-FC1E63E0DBCC}.Debug|x64.Build.0 = Debug|Any CPU
		{DB32BEDD-E4D0-3D46-F848-FC1E63E0DBCC}.Debug|x86.ActiveCfg = Debug|Any CPU
		{DB32BEDD-E4D0-3D46-F848-FC1E63E0DBCC}.Debug|x86.Build.0 = Debug|Any CPU
		{DB32BEDD-E4D0-3D46-F848-FC1E63E0DBCC}.Release|Any CPU.ActiveCfg = Release|Any CPU
		{DB32BEDD-E4D0-3D46-F848-FC1E63E0DBCC}.Release|Any CPU.Build.0 = Release|Any CPU
		{DB32BEDD-E4D0-3D46-F848-FC1E63E0DBCC}.Release|x64.ActiveCfg = Release|Any CPU
		{DB32BEDD-E4D0-3D46-F848-FC1E63E0DBCC}.Release|x64.Build.0 = Release|Any CPU
		{DB32BEDD-E4D0-3D46-F848-FC1E63E0DBCC}.Release|x86.ActiveCfg = Release|Any CPU
		{DB32BEDD-E4D0-3D46-F848-FC1E63E0DBCC}.Release|x86.Build.0 = Release|Any CPU
		{4387F1B1-810E-4E67-1E98-77F1CD64E090}.Debug|Any CPU.ActiveCfg = Debug|Any CPU
		{4387F1B1-810E-4E67-1E98-77F1CD64E090}.Debug|Any CPU.Build.0 = Debug|Any CPU
		{4387F1B1-810E-4E67-1E98-77F1CD64E090}.Debug|x64.ActiveCfg = Debug|Any CPU
		{4387F1B1-810E-4E67-1E98-77F1CD64E090}.Debug|x64.Build.0 = Debug|Any CPU
		{4387F1B1-810E-4E67-1E98-77F1CD64E090}.Debug|x86.ActiveCfg = Debug|Any CPU
		{4387F1B1-810E-4E67-1E98-77F1CD64E090}.Debug|x86.Build.0 = Debug|Any CPU
		{4387F1B1-810E-4E67-1E98-77F1CD64E090}.Release|Any CPU.ActiveCfg = Release|Any CPU
		{4387F1B1-810E-4E67-1E98-77F1CD64E090}.Release|Any CPU.Build.0 = Release|Any CPU
		{4387F1B1-810E-4E67-1E98-77F1CD64E090}.Release|x64.ActiveCfg = Release|Any CPU
		{4387F1B1-810E-4E67-1E98-77F1CD64E090}.Release|x64.Build.0 = Release|Any CPU
		{4387F1B1-810E-4E67-1E98-77F1CD64E090}.Release|x86.ActiveCfg = Release|Any CPU
		{4387F1B1-810E-4E67-1E98-77F1CD64E090}.Release|x86.Build.0 = Release|Any CPU
	EndGlobalSection
	GlobalSection(SolutionProperties) = preSolution
		HideSolutionNode = FALSE
	EndGlobalSection
	GlobalSection(NestedProjects) = preSolution
		{984BB9B3-3FA3-BE33-9484-CAC21695A33C} = {827E0CD3-B72D-47B6-A68D-7590B98EB39B}
		{02EA681E-C7D8-13C7-8484-4AC65E1B71E8} = {984BB9B3-3FA3-BE33-9484-CAC21695A33C}
		{E7CC0D24-A62F-B908-A7AF-43C52CD08B45} = {02EA681E-C7D8-13C7-8484-4AC65E1B71E8}
		{5BBF2B46-C8AA-0627-5EC9-E80F0A64CB40} = {02EA681E-C7D8-13C7-8484-4AC65E1B71E8}
		{4D2812D7-E600-0FEF-AE5C-194AEA419C45} = {02EA681E-C7D8-13C7-8484-4AC65E1B71E8}
		{6322BDF5-0649-2743-81F8-9661FE52007D} = {02EA681E-C7D8-13C7-8484-4AC65E1B71E8}
		{C52BA02C-0031-40E6-820B-2C5C814F627E} = {984BB9B3-3FA3-BE33-9484-CAC21695A33C}
		{269225D2-FF81-47F1-9FF4-3AD22ADF11CB} = {02EA681E-C7D8-13C7-8484-4AC65E1B71E8}
		{0F3AD178-F119-4607-821D-048392A05EA9} = {984BB9B3-3FA3-BE33-9484-CAC21695A33C}
		{8DCFB28B-3596-2F5E-A1AA-C84AB4BE69C1} = {0F3AD178-F119-4607-821D-048392A05EA9}
		{14D901A2-B54C-28E2-6C1C-EFA911AF7427} = {0F3AD178-F119-4607-821D-048392A05EA9}
		{3EF79A32-6E4E-1861-690F-62C5553D34D2} = {0F3AD178-F119-4607-821D-048392A05EA9}
		{DB32BEDD-E4D0-3D46-F848-FC1E63E0DBCC} = {0F3AD178-F119-4607-821D-048392A05EA9}
		{4387F1B1-810E-4E67-1E98-77F1CD64E090} = {984BB9B3-3FA3-BE33-9484-CAC21695A33C}
	EndGlobalSection
	GlobalSection(ExtensibilityGlobals) = postSolution
		SolutionGuid = {2F104AF8-5D47-47ED-ACA6-140516A743E2}
	EndGlobalSection
EndGlobal
